{
  "version": 4,
  "terraform_version": "1.5.3",
  "serial": 7,
  "lineage": "1b41ebcb-132c-ce13-3828-f76854cd96e9",
  "outputs": {},
  "resources": [
    {
      "module": "module.infra",
      "mode": "managed",
      "type": "helm_release",
      "name": "nginx",
      "provider": "module.infra.provider[\"registry.terraform.io/hashicorp/helm\"]",
      "instances": [
        {
          "schema_version": 1,
          "attributes": {
            "atomic": false,
            "chart": "nginx",
            "cleanup_on_fail": false,
            "create_namespace": false,
            "dependency_update": false,
            "description": null,
            "devel": null,
            "disable_crd_hooks": false,
            "disable_openapi_validation": false,
            "disable_webhooks": false,
            "force_update": false,
            "id": "nginx-release",
            "keyring": null,
            "lint": false,
            "manifest": null,
            "max_history": 0,
            "metadata": [
              {
                "app_version": "1.25.3",
                "chart": "nginx",
                "name": "nginx-release",
                "namespace": "nginx",
                "revision": 1,
                "values": "{\"service\":{\"nodePorts\":{\"http\":30081},\"ports\":{\"http\":80},\"type\":\"NodePort\"}}",
                "version": "15.6.2"
              }
            ],
            "name": "nginx-release",
            "namespace": "nginx",
            "pass_credentials": false,
            "postrender": [],
            "recreate_pods": false,
            "render_subchart_notes": true,
            "replace": false,
            "repository": "https://charts.bitnami.com/bitnami",
            "repository_ca_file": null,
            "repository_cert_file": null,
            "repository_key_file": null,
            "repository_password": null,
            "repository_username": null,
            "reset_values": false,
            "reuse_values": false,
            "set": [
              {
                "name": "service.nodePorts.http",
                "type": "",
                "value": "30081"
              },
              {
                "name": "service.ports.http",
                "type": "",
                "value": "80"
              },
              {
                "name": "service.type",
                "type": "",
                "value": "NodePort"
              }
            ],
            "set_list": [],
            "set_sensitive": [],
            "skip_crds": false,
            "status": "deployed",
            "timeout": 300,
            "values": null,
            "verify": false,
            "version": "15.6.2",
            "wait": true,
            "wait_for_jobs": false
          },
          "sensitive_attributes": [],
          "private": "eyJzY2hlbWFfdmVyc2lvbiI6IjEifQ=="
        }
      ]
    }
  ],
  "check_results": null
}
